
Microsoft Visual Studio Solution File, Format Version 12.00
# Visual Studio Version 17
VisualStudioVersion = 17.11.35219.272
MinimumVisualStudioVersion = 10.0.40219.1
Project("{FAE04EC0-301F-11D3-BF4B-00C04F79EFBC}") = "iFood.Domain.Contracts", "iFood.Domain.Contracts\iFood.Domain.Contracts.csproj", "{92D8CA5F-E02A-41CF-A465-20496C9D7FB4}"
EndProject
Global
	GlobalSection(SolutionConfigurationPlatforms) = preSolution
		Debug|Any CPU = Debug|Any CPU
		Release|Any CPU = Release|Any CPU
	EndGlobalSection
	GlobalSection(ProjectConfigurationPlatforms) = postSolution
		{92D8CA5F-E02A-41CF-A465-20496C9D7FB4}.Debug|Any CPU.ActiveCfg = Debug|Any CPU
		{92D8CA5F-E02A-41CF-A465-20496C9D7FB4}.Debug|Any CPU.Build.0 = Debug|Any CPU
		{92D8CA5F-E02A-41CF-A465-20496C9D7FB4}.Release|Any CPU.ActiveCfg = Release|Any CPU
		{92D8CA5F-E02A-41CF-A465-20496C9D7FB4}.Release|Any CPU.Build.0 = Release|Any CPU
	EndGlobalSection
	GlobalSection(SolutionProperties) = preSolution
		HideSolutionNode = FALSE
	EndGlobalSection
	GlobalSection(ExtensibilityGlobals) = postSolution
		SolutionGuid = {2CCF3BBD-3056-47C8-8AE4-4A504FBDA5ED}
	EndGlobalSection
EndGlobal
